// !$*UTF8*$!
{
	archiveVersion = 1;
	classes = {
	};
	objectVersion = 46;
	objects = {

/* Begin PBXBuildFile section */
		4D0D95F11CDCB662F32B41DF /* Pods.framework in Frameworks */ = {isa = PBXBuildFile; fileRef = 161C198475799F2CD42B894D /* Pods.framework */; settings = {ATTRIBUTES = (Weak, ); }; };
		5F1CE9061B72581A00D9C56D /* PhotosViewController.swift in Sources */ = {isa = PBXBuildFile; fileRef = 5F1CE9051B72581A00D9C56D /* PhotosViewController.swift */; };
		5F4D29F81B72372200B82016 /* AppDelegate.swift in Sources */ = {isa = PBXBuildFile; fileRef = 5F4D29F71B72372200B82016 /* AppDelegate.swift */; };
		5F4D29FB1B72372200B82016 /* iPadTest.xcdatamodeld in Sources */ = {isa = PBXBuildFile; fileRef = 5F4D29F91B72372200B82016 /* iPadTest.xcdatamodeld */; };
		5F4D29FD1B72372200B82016 /* ViewController.swift in Sources */ = {isa = PBXBuildFile; fileRef = 5F4D29FC1B72372200B82016 /* ViewController.swift */; };
		5F4D2A001B72372200B82016 /* Main.storyboard in Resources */ = {isa = PBXBuildFile; fileRef = 5F4D29FE1B72372200B82016 /* Main.storyboard */; };
		5F4D2A021B72372200B82016 /* Images.xcassets in Resources */ = {isa = PBXBuildFile; fileRef = 5F4D2A011B72372200B82016 /* Images.xcassets */; };
		5F4D2A051B72372200B82016 /* LaunchScreen.xib in Resources */ = {isa = PBXBuildFile; fileRef = 5F4D2A031B72372200B82016 /* LaunchScreen.xib */; };
		5F4D2A111B72372200B82016 /* iPadTestTests.swift in Sources */ = {isa = PBXBuildFile; fileRef = 5F4D2A101B72372200B82016 /* iPadTestTests.swift */; };
		5F9C74081B73010F001DDAF0 /* loading1.png in Resources */ = {isa = PBXBuildFile; fileRef = 5F9C74051B73010F001DDAF0 /* loading1.png */; };
		5F9C74091B73010F001DDAF0 /* loading2.png in Resources */ = {isa = PBXBuildFile; fileRef = 5F9C74061B73010F001DDAF0 /* loading2.png */; };
		5F9C740A1B73010F001DDAF0 /* loading3.png in Resources */ = {isa = PBXBuildFile; fileRef = 5F9C74071B73010F001DDAF0 /* loading3.png */; };
/* End PBXBuildFile section */

/* Begin PBXContainerItemProxy section */
		5F4D2A0B1B72372200B82016 /* PBXContainerItemProxy */ = {
			isa = PBXContainerItemProxy;
			containerPortal = 5F4D29EA1B72372200B82016 /* Project object */;
			proxyType = 1;
			remoteGlobalIDString = 5F4D29F11B72372200B82016;
			remoteInfo = iPadTest;
		};
/* End PBXContainerItemProxy section */

/* Begin PBXFileReference section */
		0F91863D08ECA0E5ABA465AF /* Pods.debug.xcconfig */ = {isa = PBXFileReference; includeInIndex = 1; lastKnownFileType = text.xcconfig; name = Pods.debug.xcconfig; path = "Pods/Target Support Files/Pods/Pods.debug.xcconfig"; sourceTree = "<group>"; };
		161C198475799F2CD42B894D /* Pods.framework */ = {isa = PBXFileReference; explicitFileType = wrapper.framework; includeInIndex = 0; path = Pods.framework; sourceTree = BUILT_PRODUCTS_DIR; };
		5F1CE9051B72581A00D9C56D /* PhotosViewController.swift */ = {isa = PBXFileReference; fileEncoding = 4; lastKnownFileType = sourcecode.swift; name = PhotosViewController.swift; path = Controller/PhotosViewController.swift; sourceTree = "<group>"; };
		5F4D29F21B72372200B82016 /* iPadTest.app */ = {isa = PBXFileReference; explicitFileType = wrapper.application; includeInIndex = 0; path = iPadTest.app; sourceTree = BUILT_PRODUCTS_DIR; };
		5F4D29F61B72372200B82016 /* Info.plist */ = {isa = PBXFileReference; lastKnownFileType = text.plist.xml; path = Info.plist; sourceTree = "<group>"; };
		5F4D29F71B72372200B82016 /* AppDelegate.swift */ = {isa = PBXFileReference; lastKnownFileType = sourcecode.swift; path = AppDelegate.swift; sourceTree = "<group>"; };
		5F4D29FA1B72372200B82016 /* iPadTest.xcdatamodel */ = {isa = PBXFileReference; lastKnownFileType = wrapper.xcdatamodel; path = iPadTest.xcdatamodel; sourceTree = "<group>"; };
		5F4D29FC1B72372200B82016 /* ViewController.swift */ = {isa = PBXFileReference; lastKnownFileType = sourcecode.swift; path = ViewController.swift; sourceTree = "<group>"; };
		5F4D29FF1B72372200B82016 /* Base */ = {isa = PBXFileReference; lastKnownFileType = file.storyboard; name = Base; path = Base.lproj/Main.storyboard; sourceTree = "<group>"; };
		5F4D2A011B72372200B82016 /* Images.xcassets */ = {isa = PBXFileReference; lastKnownFileType = folder.assetcatalog; path = Images.xcassets; sourceTree = "<group>"; };
		5F4D2A041B72372200B82016 /* Base */ = {isa = PBXFileReference; lastKnownFileType = file.xib; name = Base; path = Base.lproj/LaunchScreen.xib; sourceTree = "<group>"; };
		5F4D2A0A1B72372200B82016 /* iPadTestTests.xctest */ = {isa = PBXFileReference; explicitFileType = wrapper.cfbundle; includeInIndex = 0; path = iPadTestTests.xctest; sourceTree = BUILT_PRODUCTS_DIR; };
		5F4D2A0F1B72372200B82016 /* Info.plist */ = {isa = PBXFileReference; lastKnownFileType = text.plist.xml; path = Info.plist; sourceTree = "<group>"; };
		5F4D2A101B72372200B82016 /* iPadTestTests.swift */ = {isa = PBXFileReference; lastKnownFileType = sourcecode.swift; path = iPadTestTests.swift; sourceTree = "<group>"; };
		5F9C74051B73010F001DDAF0 /* loading1.png */ = {isa = PBXFileReference; lastKnownFileType = image.png; name = loading1.png; path = images/loading1.png; sourceTree = "<group>"; };
		5F9C74061B73010F001DDAF0 /* loading2.png */ = {isa = PBXFileReference; lastKnownFileType = image.png; name = loading2.png; path = images/loading2.png; sourceTree = "<group>"; };
		5F9C74071B73010F001DDAF0 /* loading3.png */ = {isa = PBXFileReference; lastKnownFileType = image.png; name = loading3.png; path = images/loading3.png; sourceTree = "<group>"; };
		A49AB55E079B98EC099FD41C /* Pods.release.xcconfig */ = {isa = PBXFileReference; includeInIndex = 1; lastKnownFileType = text.xcconfig; name = Pods.release.xcconfig; path = "Pods/Target Support Files/Pods/Pods.release.xcconfig"; sourceTree = "<group>"; };
/* End PBXFileReference section */

/* Begin PBXFrameworksBuildPhase section */
		5F4D29EF1B72372200B82016 /* Frameworks */ = {
			isa = PBXFrameworksBuildPhase;
			buildActionMask = 2147483647;
			files = (
				4D0D95F11CDCB662F32B41DF /* Pods.framework in Frameworks */,
			);
			runOnlyForDeploymentPostprocessing = 0;
		};
		5F4D2A071B72372200B82016 /* Frameworks */ = {
			isa = PBXFrameworksBuildPhase;
			buildActionMask = 2147483647;
			files = (
			);
			runOnlyForDeploymentPostprocessing = 0;
		};
/* End PBXFrameworksBuildPhase section */

/* Begin PBXGroup section */
		5F4D29E91B72372200B82016 = {
			isa = PBXGroup;
			children = (
				5F4D29F41B72372200B82016 /* iPadTest */,
				5F4D2A0D1B72372200B82016 /* iPadTestTests */,
				5F4D29F31B72372200B82016 /* Products */,
				65BEA1C120228D5C64CE6D7B /* Pods */,
				CAEC5BF72350FBCF3BFF922B /* Frameworks */,
			);
			sourceTree = "<group>";
		};
		5F4D29F31B72372200B82016 /* Products */ = {
			isa = PBXGroup;
			children = (
				5F4D29F21B72372200B82016 /* iPadTest.app */,
				5F4D2A0A1B72372200B82016 /* iPadTestTests.xctest */,
			);
			name = Products;
			sourceTree = "<group>";
		};
		5F4D29F41B72372200B82016 /* iPadTest */ = {
			isa = PBXGroup;
			children = (
				5F9C740B1B730AF1001DDAF0 /* Lib */,
				5F9C74041B730044001DDAF0 /* Images */,
				5F4D29F71B72372200B82016 /* AppDelegate.swift */,
				5F4D29FC1B72372200B82016 /* ViewController.swift */,
				5F4D29FE1B72372200B82016 /* Main.storyboard */,
				5F4D2A011B72372200B82016 /* Images.xcassets */,
				5F4D2A031B72372200B82016 /* LaunchScreen.xib */,
				5F4D29F91B72372200B82016 /* iPadTest.xcdatamodeld */,
				5F4D29F51B72372200B82016 /* Supporting Files */,
				5F1CE9051B72581A00D9C56D /* PhotosViewController.swift */,
			);
			path = iPadTest;
			sourceTree = "<group>";
		};
		5F4D29F51B72372200B82016 /* Supporting Files */ = {
			isa = PBXGroup;
			children = (
				5F4D29F61B72372200B82016 /* Info.plist */,
			);
			name = "Supporting Files";
			sourceTree = "<group>";
		};
		5F4D2A0D1B72372200B82016 /* iPadTestTests */ = {
			isa = PBXGroup;
			children = (
				5F4D2A101B72372200B82016 /* iPadTestTests.swift */,
				5F4D2A0E1B72372200B82016 /* Supporting Files */,
			);
			path = iPadTestTests;
			sourceTree = "<group>";
		};
		5F4D2A0E1B72372200B82016 /* Supporting Files */ = {
			isa = PBXGroup;
			children = (
				5F4D2A0F1B72372200B82016 /* Info.plist */,
			);
			name = "Supporting Files";
			sourceTree = "<group>";
		};
		5F9C74041B730044001DDAF0 /* Images */ = {
			isa = PBXGroup;
			children = (
				5F9C74051B73010F001DDAF0 /* loading1.png */,
				5F9C74061B73010F001DDAF0 /* loading2.png */,
				5F9C74071B73010F001DDAF0 /* loading3.png */,
			);
			name = Images;
			sourceTree = "<group>";
		};
		5F9C740B1B730AF1001DDAF0 /* Lib */ = {
			isa = PBXGroup;
			children = (
				5F9C740C1B730B05001DDAF0 /* Class */,
			);
			name = Lib;
			sourceTree = "<group>";
		};
		5F9C740C1B730B05001DDAF0 /* Class */ = {
			isa = PBXGroup;
			children = (
			);
			name = Class;
			sourceTree = "<group>";
		};
		65BEA1C120228D5C64CE6D7B /* Pods */ = {
			isa = PBXGroup;
			children = (
				0F91863D08ECA0E5ABA465AF /* Pods.debug.xcconfig */,
				A49AB55E079B98EC099FD41C /* Pods.release.xcconfig */,
			);
			name = Pods;
			sourceTree = "<group>";
		};
		CAEC5BF72350FBCF3BFF922B /* Frameworks */ = {
			isa = PBXGroup;
			children = (
				161C198475799F2CD42B894D /* Pods.framework */,
			);
			name = Frameworks;
			sourceTree = "<group>";
		};
/* End PBXGroup section */

/* Begin PBXNativeTarget section */
		5F4D29F11B72372200B82016 /* iPadTest */ = {
			isa = PBXNativeTarget;
			buildConfigurationList = 5F4D2A141B72372200B82016 /* Build configuration list for PBXNativeTarget "iPadTest" */;
			buildPhases = (
				2B2C0F9B5E9FAA76542A0554 /* Check Pods Manifest.lock */,
				5F4D29EE1B72372200B82016 /* Sources */,
				5F4D29EF1B72372200B82016 /* Frameworks */,
				5F4D29F01B72372200B82016 /* Resources */,
				1DDDF89F30EE7D562BBC086B /* Copy Pods Resources */,
				D43D8F64058D11D329D7FEDE /* Embed Pods Frameworks */,
			);
			buildRules = (
			);
			dependencies = (
			);
			name = iPadTest;
			productName = iPadTest;
			productReference = 5F4D29F21B72372200B82016 /* iPadTest.app */;
			productType = "com.apple.product-type.application";
		};
		5F4D2A091B72372200B82016 /* iPadTestTests */ = {
			isa = PBXNativeTarget;
			buildConfigurationList = 5F4D2A171B72372200B82016 /* Build configuration list for PBXNativeTarget "iPadTestTests" */;
			buildPhases = (
				5F4D2A061B72372200B82016 /* Sources */,
				5F4D2A071B72372200B82016 /* Frameworks */,
				5F4D2A081B72372200B82016 /* Resources */,
			);
			buildRules = (
			);
			dependencies = (
				5F4D2A0C1B72372200B82016 /* PBXTargetDependency */,
			);
			name = iPadTestTests;
			productName = iPadTestTests;
			productReference = 5F4D2A0A1B72372200B82016 /* iPadTestTests.xctest */;
			productType = "com.apple.product-type.bundle.unit-test";
		};
/* End PBXNativeTarget section */

/* Begin PBXProject section */
		5F4D29EA1B72372200B82016 /* Project object */ = {
			isa = PBXProject;
			attributes = {
				LastUpgradeCheck = 0640;
				ORGANIZATIONNAME = Jackie;
				TargetAttributes = {
					5F4D29F11B72372200B82016 = {
						CreatedOnToolsVersion = 6.4;
					};
					5F4D2A091B72372200B82016 = {
						CreatedOnToolsVersion = 6.4;
						TestTargetID = 5F4D29F11B72372200B82016;
					};
				};
			};
			buildConfigurationList = 5F4D29ED1B72372200B82016 /* Build configuration list for PBXProject "iPadTest" */;
			compatibilityVersion = "Xcode 3.2";
			developmentRegion = English;
			hasScannedForEncodings = 0;
			knownRegions = (
				en,
				Base,
			);
			mainGroup = 5F4D29E91B72372200B82016;
			productRefGroup = 5F4D29F31B72372200B82016 /* Products */;
			projectDirPath = "";
			projectRoot = "";
			targets = (
				5F4D29F11B72372200B82016 /* iPadTest */,
				5F4D2A091B72372200B82016 /* iPadTestTests */,
			);
		};
/* End PBXProject section */

/* Begin PBXResourcesBuildPhase section */
		5F4D29F01B72372200B82016 /* Resources */ = {
			isa = PBXResourcesBuildPhase;
			buildActionMask = 2147483647;
			files = (
				5F4D2A001B72372200B82016 /* Main.storyboard in Resources */,
				5F4D2A051B72372200B82016 /* LaunchScreen.xib in Resources */,
				5F9C740A1B73010F001DDAF0 /* loading3.png in Resources */,
				5F9C74091B73010F001DDAF0 /* loading2.png in Resources */,
				5F9C74081B73010F001DDAF0 /* loading1.png in Resources */,
				5F4D2A021B72372200B82016 /* Images.xcassets in Resources */,
			);
			runOnlyForDeploymentPostprocessing = 0;
		};
		5F4D2A081B72372200B82016 /* Resources */ = {
			isa = PBXResourcesBuildPhase;
			buildActionMask = 2147483647;
			files = (
			);
			runOnlyForDeploymentPostprocessing = 0;
		};
/* End PBXResourcesBuildPhase section */

/* Begin PBXShellScriptBuildPhase section */
		1DDDF89F30EE7D562BBC086B /* Copy Pods Resources */ = {
			isa = PBXShellScriptBuildPhase;
			buildActionMask = 2147483647;
			files = (
			);
			inputPaths = (
			);
			name = "Copy Pods Resources";
			outputPaths = (
			);
			runOnlyForDeploymentPostprocessing = 0;
			shellPath = /bin/sh;
			shellScript = "\"${SRCROOT}/Pods/Target Support Files/Pods/Pods-resources.sh\"\n";
			showEnvVarsInLog = 0;
		};
		2B2C0F9B5E9FAA76542A0554 /* Check Pods Manifest.lock */ = {
			isa = PBXShellScriptBuildPhase;
			buildActionMask = 2147483647;
			files = (
			);
			inputPaths = (
			);
			name = "Check Pods Manifest.lock";
			outputPaths = (
			);
			runOnlyForDeploymentPostprocessing = 0;
			shellPath = /bin/sh;
			shellScript = "diff \"${PODS_ROOT}/../Podfile.lock\" \"${PODS_ROOT}/Manifest.lock\" > /dev/null\nif [[ $? != 0 ]] ; then\n    cat << EOM\nerror: The sandbox is not in sync with the Podfile.lock. Run 'pod install' or update your CocoaPods installation.\nEOM\n    exit 1\nfi\n";
			showEnvVarsInLog = 0;
		};
		D43D8F64058D11D329D7FEDE /* Embed Pods Frameworks */ = {
			isa = PBXShellScriptBuildPhase;
			buildActionMask = 2147483647;
			files = (
			);
			inputPaths = (
			);
			name = "Embed Pods Frameworks";
			outputPaths = (
			);
			runOnlyForDeploymentPostprocessing = 0;
			shellPath = /bin/sh;
			shellScript = "\"${SRCROOT}/Pods/Target Support Files/Pods/Pods-frameworks.sh\"\n";
			showEnvVarsInLog = 0;
		};
/* End PBXShellScriptBuildPhase section */

/* Begin PBXSourcesBuildPhase section */
		5F4D29EE1B72372200B82016 /* Sources */ = {
			isa = PBXSourcesBuildPhase;
			buildActionMask = 2147483647;
			files = (
				5F4D29FD1B72372200B82016 /* ViewController.swift in Sources */,
				5F4D29F81B72372200B82016 /* AppDelegate.swift in Sources */,
				5F1CE9061B72581A00D9C56D /* PhotosViewController.swift in Sources */,
				5F4D29FB1B72372200B82016 /* iPadTest.xcdatamodeld in Sources */,
			);
			runOnlyForDeploymentPostprocessing = 0;
		};
		5F4D2A061B72372200B82016 /* Sources */ = {
			isa = PBXSourcesBuildPhase;
			buildActionMask = 2147483647;
			files = (
				5F4D2A111B72372200B82016 /* iPadTestTests.swift in Sources */,
			);
			runOnlyForDeploymentPostprocessing = 0;
		};
/* End PBXSourcesBuildPhase section */

/* Begin PBXTargetDependency section */
		5F4D2A0C1B72372200B82016 /* PBXTargetDependency */ = {
			isa = PBXTargetDependency;
			target = 5F4D29F11B72372200B82016 /* iPadTest */;
			targetProxy = 5F4D2A0B1B72372200B82016 /* PBXContainerItemProxy */;
		};
/* End PBXTargetDependency section */

/* Begin PBXVariantGroup section */
		5F4D29FE1B72372200B82016 /* Main.storyboard */ = {
			isa = PBXVariantGroup;
			children = (
				5F4D29FF1B72372200B82016 /* Base */,
			);
			name = Main.storyboard;
			sourceTree = "<group>";
		};
		5F4D2A031B72372200B82016 /* LaunchScreen.xib */ = {
			isa = PBXVariantGroup;
			children = (
				5F4D2A041B72372200B82016 /* Base */,
			);
			name = LaunchScreen.xib;
			sourceTree = "<group>";
		};
/* End PBXVariantGroup section */

/* Begin XCBuildConfiguration section */
		5F4D2A121B72372200B82016 /* Debug */ = {
			isa = XCBuildConfiguration;
			buildSettings = {
				ALWAYS_SEARCH_USER_PATHS = NO;
				CLANG_CXX_LANGUAGE_STANDARD = "gnu++0x";
				CLANG_CXX_LIBRARY = "libc++";
				CLANG_ENABLE_MODULES = YES;
				CLANG_ENABLE_OBJC_ARC = YES;
				CLANG_WARN_BOOL_CONVERSION = YES;
				CLANG_WARN_CONSTANT_CONVERSION = YES;
				CLANG_WARN_DIRECT_OBJC_ISA_USAGE = YES_ERROR;
				CLANG_WARN_EMPTY_BODY = YES;
				CLANG_WARN_ENUM_CONVERSION = YES;
				CLANG_WARN_INT_CONVERSION = YES;
				CLANG_WARN_OBJC_ROOT_CLASS = YES_ERROR;
				CLANG_WARN_UNREACHABLE_CODE = YES;
				CLANG_WARN__DUPLICATE_METHOD_MATCH = YES;
				"CODE_SIGN_IDENTITY[sdk=iphoneos*]" = "iPhone Developer";
				COPY_PHASE_STRIP = NO;
				DEBUG_INFORMATION_FORMAT = "dwarf-with-dsym";
				ENABLE_STRICT_OBJC_MSGSEND = YES;
				GCC_C_LANGUAGE_STANDARD = gnu99;
				GCC_DYNAMIC_NO_PIC = NO;
				GCC_NO_COMMON_BLOCKS = YES;
				GCC_OPTIMIZATION_LEVEL = 0;
				GCC_PREPROCESSOR_DEFINITIONS = (
					"DEBUG=1",
					"$(inherited)",
				);
				GCC_SYMBOLS_PRIVATE_EXTERN = NO;
				GCC_WARN_64_TO_32_BIT_CONVERSION = YES;
				GCC_WARN_ABOUT_RETURN_TYPE = YES_ERROR;
				GCC_WARN_UNDECLARED_SELECTOR = YES;
				GCC_WARN_UNINITIALIZED_AUTOS = YES_AGGRESSIVE;
				GCC_WARN_UNUSED_FUNCTION = YES;
				GCC_WARN_UNUSED_VARIABLE = YES;
				IPHONEOS_DEPLOYMENT_TARGET = 8.4;
				MTL_ENABLE_DEBUG_INFO = YES;
				ONLY_ACTIVE_ARCH = YES;
				SDKROOT = iphoneos;
				SWIFT_OPTIMIZATION_LEVEL = "-Onone";
				TARGETED_DEVICE_FAMILY = 2;
			};
			name = Debug;
		};
		5F4D2A131B72372200B82016 /* Release */ = {
			isa = XCBuildConfiguration;
			buildSettings = {
				ALWAYS_SEARCH_USER_PATHS = NO;
				CLANG_CXX_LANGUAGE_STANDARD = "gnu++0x";
				CLANG_CXX_LIBRARY = "libc++";
				CLANG_ENABLE_MODULES = YES;
				CLANG_ENABLE_OBJC_ARC = YES;
				CLANG_WARN_BOOL_CONVERSION = YES;
				CLANG_WARN_CONSTANT_CONVERSION = YES;
				CLANG_WARN_DIRECT_OBJC_ISA_USAGE = YES_ERROR;
				CLANG_WARN_EMPTY_BODY = YES;
				CLANG_WARN_ENUM_CONVERSION = YES;
				CLANG_WARN_INT_CONVERSION = YES;
				CLANG_WARN_OBJC_ROOT_CLASS = YES_ERROR;
				CLANG_WARN_UNREACHABLE_CODE = YES;
				CLANG_WARN__DUPLICATE_METHOD_MATCH = YES;
				"CODE_SIGN_IDENTITY[sdk=iphoneos*]" = "iPhone Developer";
				COPY_PHASE_STRIP = NO;
				DEBUG_INFORMATION_FORMAT = "dwarf-with-dsym";
				ENABLE_NS_ASSERTIONS = NO;
				ENABLE_STRICT_OBJC_MSGSEND = YES;
				GCC_C_LANGUAGE_STANDARD = gnu99;
				GCC_NO_COMMON_BLOCKS = YES;
				GCC_WARN_64_TO_32_BIT_CONVERSION = YES;
				GCC_WARN_ABOUT_RETURN_TYPE = YES_ERROR;
				GCC_WARN_UNDECLARED_SELECTOR = YES;
				GCC_WARN_UNINITIALIZED_AUTOS = YES_AGGRESSIVE;
				GCC_WARN_UNUSED_FUNCTION = YES;
				GCC_WARN_UNUSED_VARIABLE = YES;
				IPHONEOS_DEPLOYMENT_TARGET = 8.4;
				MTL_ENABLE_DEBUG_INFO = NO;
				SDKROOT = iphoneos;
				TARGETED_DEVICE_FAMILY = 2;
				VALIDATE_PRODUCT = YES;
			};
			name = Release;
		};
		5F4D2A151B72372200B82016 /* Debug */ = {
			isa = XCBuildConfiguration;
			baseConfigurationReference = 0F91863D08ECA0E5ABA465AF /* Pods.debug.xcconfig */;
			buildSettings = {
				ASSETCATALOG_COMPILER_APPICON_NAME = AppIcon;
				INFOPLIST_FILE = iPadTest/Info.plist;
				LD_RUNPATH_SEARCH_PATHS = "$(inherited) @executable_path/Frameworks";
				PRODUCT_NAME = "$(TARGET_NAME)";
			};
			name = Debug;
		};
		5F4D2A161B72372200B82016 /* Release */ = {
			isa = XCBuildConfiguration;
			baseConfigurationReference = A49AB55E079B98EC099FD41C /* Pods.release.xcconfig */;
			buildSettings = {
				ASSETCATALOG_COMPILER_APPICON_NAME = AppIcon;
				INFOPLIST_FILE = iPadTest/Info.plist;
				LD_RUNPATH_SEARCH_PATHS = "$(inherited) @executable_path/Frameworks";
				PRODUCT_NAME = "$(TARGET_NAME)";
			};
			name = Release;
		};
		5F4D2A181B72372200B82016 /* Debug */ = {
			isa = XCBuildConfiguration;
			buildSettings = {
				BUNDLE_LOADER = "$(TEST_HOST)";
				FRAMEWORK_SEARCH_PATHS = (
					"$(SDKROOT)/Developer/Library/Frameworks",
					"$(inherited)",
				);
				GCC_PREPROCESSOR_DEFINITIONS = (
					"DEBUG=1",
					"$(inherited)",
				);
				INFOPLIST_FILE = iPadTestTests/Info.plist;
				LD_RUNPATH_SEARCH_PATHS = "$(inherited) @executable_path/Frameworks @loader_path/Frameworks";
				PRODUCT_NAME = "$(TARGET_NAME)";
				TEST_HOST = "$(BUILT_PRODUCTS_DIR)/iPadTest.app/iPadTest";
			};
			name = Debug;
		};
		5F4D2A191B72372200B82016 /* Release */ = {
			isa = XCBuildConfiguration;
			buildSettings = {
				BUNDLE_LOADER = "$(TEST_HOST)";
				FRAMEWORK_SEARCH_PATHS = (
					"$(SDKROOT)/Developer/Library/Frameworks",
					"$(inherited)",
				);
				INFOPLIST_FILE = iPadTestTests/Info.plist;
				LD_RUNPATH_SEARCH_PATHS = "$(inherited) @executable_path/Frameworks @loader_path/Frameworks";
				PRODUCT_NAME = "$(TARGET_NAME)";
				TEST_HOST = "$(BUILT_PRODUCTS_DIR)/iPadTest.app/iPadTest";
			};
			name = Release;
		};
/* End XCBuildConfiguration section */

/* Begin XCConfigurationList section */
		5F4D29ED1B72372200B82016 /* Build configuration list for PBXProject "iPadTest" */ = {
			isa = XCConfigurationList;
			buildConfigurations = (
				5F4D2A121B72372200B82016 /* Debug */,
				5F4D2A131B72372200B82016 /* Release */,
			);
			defaultConfigurationIsVisible = 0;
			defaultConfigurationName = Release;
		};
		5F4D2A141B72372200B82016 /* Build configuration list for PBXNativeTarget "iPadTest" */ = {
			isa = XCConfigurationList;
			buildConfigurations = (
				5F4D2A151B72372200B82016 /* Debug */,
				5F4D2A161B72372200B82016 /* Release */,
			);
			defaultConfigurationIsVisible = 0;
			defaultConfigurationName = Release;
		};
		5F4D2A171B72372200B82016 /* Build configuration list for PBXNativeTarget "iPadTestTests" */ = {
			isa = XCConfigurationList;
			buildConfigurations = (
				5F4D2A181B72372200B82016 /* Debug */,
				5F4D2A191B72372200B82016 /* Release */,
			);
			defaultConfigurationIsVisible = 0;
			defaultConfigurationName = Release;
		};
/* End XCConfigurationList section */

/* Begin XCVersionGroup section */
		5F4D29F91B72372200B82016 /* iPadTest.xcdatamodeld */ = {
			isa = XCVersionGroup;
			children = (
				5F4D29FA1B72372200B82016 /* iPadTest.xcdatamodel */,
			);
			currentVersion = 5F4D29FA1B72372200B82016 /* iPadTest.xcdatamodel */;
			path = iPadTest.xcdatamodeld;
			sourceTree = "<group>";
			versionGroupType = wrapper.xcdatamodel;
		};
/* End XCVersionGroup section */
	};
	rootObject = 5F4D29EA1B72372200B82016 /* Project object */;
}
